
Microsoft Visual Studio Solution File, Format Version 12.00
# Visual Studio Version 16
VisualStudioVersion = 16.0.31005.135
MinimumVisualStudioVersion = 10.0.40219.1
Project("{FAE04EC0-301F-11D3-BF4B-00C04F79EFBC}") = "CSharpGame", "CSharpGame\CSharpGame.csproj", "{5AA1B28B-2EE8-49E8-872A-A1E3998B9412}"
EndProject
Project("{FAE04EC0-301F-11D3-BF4B-00C04F79EFBC}") = "Engine", "Engine\Engine.csproj", "{33C8270B-887F-4712-B27E-DFAA96951A5E}"
EndProject
Global
	GlobalSection(SolutionConfigurationPlatforms) = preSolution
		Debug|Any CPU = Debug|Any CPU
		Release|Any CPU = Release|Any CPU
	EndGlobalSection
	GlobalSection(ProjectConfigurationPlatforms) = postSolution
		{5AA1B28B-2EE8-49E8-872A-A1E3998B9412}.Debug|Any CPU.ActiveCfg = Debug|Any CPU
		{5AA1B28B-2EE8-49E8-872A-A1E3998B9412}.Debug|Any CPU.Build.0 = Debug|Any CPU
		{5AA1B28B-2EE8-49E8-872A-A1E3998B9412}.Release|Any CPU.ActiveCfg = Release|Any CPU
		{5AA1B28B-2EE8-49E8-872A-A1E3998B9412}.Release|Any CPU.Build.0 = Release|Any CPU
		{33C8270B-887F-4712-B27E-DFAA96951A5E}.Debug|Any CPU.ActiveCfg = Debug|Any CPU
		{33C8270B-887F-4712-B27E-DFAA96951A5E}.Debug|Any CPU.Build.0 = Debug|Any CPU
		{33C8270B-887F-4712-B27E-DFAA96951A5E}.Release|Any CPU.ActiveCfg = Release|Any CPU
		{33C8270B-887F-4712-B27E-DFAA96951A5E}.Release|Any CPU.Build.0 = Release|Any CPU
	EndGlobalSection
	GlobalSection(SolutionProperties) = preSolution
		HideSolutionNode = FALSE
	EndGlobalSection
	GlobalSection(ExtensibilityGlobals) = postSolution
		SolutionGuid = {5538FD13-5EDC-4376-84DA-87FE9E8328FA}
	EndGlobalSection
EndGlobal
